
Microsoft Visual Studio Solution File, Format Version 12.00
# Visual Studio Version 17
VisualStudioVersion = 17.14.36401.2 d17.14
MinimumVisualStudioVersion = 10.0.40219.1
Project("{FAE04EC0-301F-11D3-BF4B-00C04F79EFBC}") = "GitRepoMigrationGogsToGitLab", "GitRepoMigrationGogsToGitLab\GitRepoMigrationGogsToGitLab.csproj", "{07808B73-E577-41F9-B75D-19722B1CA253}"
EndProject
Global
	GlobalSection(SolutionConfigurationPlatforms) = preSolution
		Debug|Any CPU = Debug|Any CPU
		Release|Any CPU = Release|Any CPU
	EndGlobalSection
	GlobalSection(ProjectConfigurationPlatforms) = postSolution
		{07808B73-E577-41F9-B75D-19722B1CA253}.Debug|Any CPU.ActiveCfg = Debug|Any CPU
		{07808B73-E577-41F9-B75D-19722B1CA253}.Debug|Any CPU.Build.0 = Debug|Any CPU
		{07808B73-E577-41F9-B75D-19722B1CA253}.Release|Any CPU.ActiveCfg = Release|Any CPU
		{07808B73-E577-41F9-B75D-19722B1CA253}.Release|Any CPU.Build.0 = Release|Any CPU
	EndGlobalSection
	GlobalSection(SolutionProperties) = preSolution
		HideSolutionNode = FALSE
	EndGlobalSection
	GlobalSection(ExtensibilityGlobals) = postSolution
		SolutionGuid = {FC2ED77C-2016-4670-B682-BD137A953027}
	EndGlobalSection
EndGlobal
